
Microsoft Visual Studio Solution File, Format Version 12.00
# Visual Studio Version 17
VisualStudioVersion = 17.5.002.0
MinimumVisualStudioVersion = 10.0.40219.1
Project("{9A19103F-16F7-4668-BE54-9A1E7A4F7556}") = "LINQ", "LINQ.csproj", "{BBCA793D-9688-4D6D-B84E-B027EEA6C887}"
EndProject
Global
	GlobalSection(SolutionConfigurationPlatforms) = preSolution
		Debug|Any CPU = Debug|Any CPU
		Release|Any CPU = Release|Any CPU
	EndGlobalSection
	GlobalSection(ProjectConfigurationPlatforms) = postSolution
		{BBCA793D-9688-4D6D-B84E-B027EEA6C887}.Debug|Any CPU.ActiveCfg = Debug|Any CPU
		{BBCA793D-9688-4D6D-B84E-B027EEA6C887}.Debug|Any CPU.Build.0 = Debug|Any CPU
		{BBCA793D-9688-4D6D-B84E-B027EEA6C887}.Release|Any CPU.ActiveCfg = Release|Any CPU
		{BBCA793D-9688-4D6D-B84E-B027EEA6C887}.Release|Any CPU.Build.0 = Release|Any CPU
	EndGlobalSection
	GlobalSection(SolutionProperties) = preSolution
		HideSolutionNode = FALSE
	EndGlobalSection
	GlobalSection(ExtensibilityGlobals) = postSolution
		SolutionGuid = {6E724EAB-CBF8-4B33-A813-214CCC052FDA}
	EndGlobalSection
EndGlobal
